// !$*UTF8*$!
{
	archiveVersion = 1;
	classes = {
	};
	objectVersion = 56;
	objects = {

/* Begin PBXBuildFile section */
		8492BEAB2B4DB2610060C4D9 /* UberApp.swift in Sources */ = {isa = PBXBuildFile; fileRef = 8492BEAA2B4DB2610060C4D9 /* UberApp.swift */; };
		8492BEAF2B4DB2630060C4D9 /* Assets.xcassets in Resources */ = {isa = PBXBuildFile; fileRef = 8492BEAE2B4DB2630060C4D9 /* Assets.xcassets */; };
		8492BEB22B4DB2630060C4D9 /* Preview Assets.xcassets in Resources */ = {isa = PBXBuildFile; fileRef = 8492BEB12B4DB2630060C4D9 /* Preview Assets.xcassets */; };
		8492BEBE2B4DB2EF0060C4D9 /* HomeView.swift in Sources */ = {isa = PBXBuildFile; fileRef = 8492BEBD2B4DB2EF0060C4D9 /* HomeView.swift */; };
		8492BEC32B4DB35E0060C4D9 /* UberViewMapRepresentable.swift in Sources */ = {isa = PBXBuildFile; fileRef = 8492BEC22B4DB35E0060C4D9 /* UberViewMapRepresentable.swift */; };
		84CB34422B6C1CD00074AB68 /* LocationManager.swift in Sources */ = {isa = PBXBuildFile; fileRef = 84CB34412B6C1CD00074AB68 /* LocationManager.swift */; };
		84CB34482B6C28320074AB68 /* LocationSearchActivationView.swift in Sources */ = {isa = PBXBuildFile; fileRef = 84CB34472B6C28320074AB68 /* LocationSearchActivationView.swift */; };
		84CB344A2B6C29D40074AB68 /* MapViewActionButton.swift in Sources */ = {isa = PBXBuildFile; fileRef = 84CB34492B6C29D40074AB68 /* MapViewActionButton.swift */; };
		84CB344C2B6C2B010074AB68 /* LocationSearchView.swift in Sources */ = {isa = PBXBuildFile; fileRef = 84CB344B2B6C2B010074AB68 /* LocationSearchView.swift */; };
		84CB344E2B6CC2370074AB68 /* LocationSearchResultCell.swift in Sources */ = {isa = PBXBuildFile; fileRef = 84CB344D2B6CC2370074AB68 /* LocationSearchResultCell.swift */; };
		84CB34502B6CC81C0074AB68 /* LocationSeachViewModel.swift in Sources */ = {isa = PBXBuildFile; fileRef = 84CB344F2B6CC81C0074AB68 /* LocationSeachViewModel.swift */; };
		84CB34522B6D29C10074AB68 /* MapViewState.swift in Sources */ = {isa = PBXBuildFile; fileRef = 84CB34512B6D29C10074AB68 /* MapViewState.swift */; };
		84CB34792B6E834B0074AB68 /* RideRequestView.swift in Sources */ = {isa = PBXBuildFile; fileRef = 84CB34782B6E834B0074AB68 /* RideRequestView.swift */; };
		84CB347B2B6F687F0074AB68 /* RideType.swift in Sources */ = {isa = PBXBuildFile; fileRef = 84CB347A2B6F687F0074AB68 /* RideType.swift */; };
/* End PBXBuildFile section */

/* Begin PBXFileReference section */
		8492BEA72B4DB2610060C4D9 /* Uber.app */ = {isa = PBXFileReference; explicitFileType = wrapper.application; includeInIndex = 0; path = Uber.app; sourceTree = BUILT_PRODUCTS_DIR; };
		8492BEAA2B4DB2610060C4D9 /* UberApp.swift */ = {isa = PBXFileReference; lastKnownFileType = sourcecode.swift; path = UberApp.swift; sourceTree = "<group>"; };
		8492BEAE2B4DB2630060C4D9 /* Assets.xcassets */ = {isa = PBXFileReference; lastKnownFileType = folder.assetcatalog; path = Assets.xcassets; sourceTree = "<group>"; };
		8492BEB12B4DB2630060C4D9 /* Preview Assets.xcassets */ = {isa = PBXFileReference; lastKnownFileType = folder.assetcatalog; path = "Preview Assets.xcassets"; sourceTree = "<group>"; };
		8492BEBD2B4DB2EF0060C4D9 /* HomeView.swift */ = {isa = PBXFileReference; lastKnownFileType = sourcecode.swift; path = HomeView.swift; sourceTree = "<group>"; };
		8492BEC22B4DB35E0060C4D9 /* UberViewMapRepresentable.swift */ = {isa = PBXFileReference; lastKnownFileType = sourcecode.swift; path = UberViewMapRepresentable.swift; sourceTree = "<group>"; };
		84CB34412B6C1CD00074AB68 /* LocationManager.swift */ = {isa = PBXFileReference; lastKnownFileType = sourcecode.swift; path = LocationManager.swift; sourceTree = "<group>"; };
		84CB34472B6C28320074AB68 /* LocationSearchActivationView.swift */ = {isa = PBXFileReference; lastKnownFileType = sourcecode.swift; path = LocationSearchActivationView.swift; sourceTree = "<group>"; };
		84CB34492B6C29D40074AB68 /* MapViewActionButton.swift */ = {isa = PBXFileReference; lastKnownFileType = sourcecode.swift; path = MapViewActionButton.swift; sourceTree = "<group>"; };
		84CB344B2B6C2B010074AB68 /* LocationSearchView.swift */ = {isa = PBXFileReference; lastKnownFileType = sourcecode.swift; path = LocationSearchView.swift; sourceTree = "<group>"; };
		84CB344D2B6CC2370074AB68 /* LocationSearchResultCell.swift */ = {isa = PBXFileReference; lastKnownFileType = sourcecode.swift; path = LocationSearchResultCell.swift; sourceTree = "<group>"; };
		84CB344F2B6CC81C0074AB68 /* LocationSeachViewModel.swift */ = {isa = PBXFileReference; lastKnownFileType = sourcecode.swift; path = LocationSeachViewModel.swift; sourceTree = "<group>"; };
		84CB34512B6D29C10074AB68 /* MapViewState.swift */ = {isa = PBXFileReference; lastKnownFileType = sourcecode.swift; path = MapViewState.swift; sourceTree = "<group>"; };
		84CB34782B6E834B0074AB68 /* RideRequestView.swift */ = {isa = PBXFileReference; lastKnownFileType = sourcecode.swift; path = RideRequestView.swift; sourceTree = "<group>"; };
		84CB347A2B6F687F0074AB68 /* RideType.swift */ = {isa = PBXFileReference; lastKnownFileType = sourcecode.swift; path = RideType.swift; sourceTree = "<group>"; };
/* End PBXFileReference section */

/* Begin PBXFrameworksBuildPhase section */
		8492BEA42B4DB2610060C4D9 /* Frameworks */ = {
			isa = PBXFrameworksBuildPhase;
			buildActionMask = 2147483647;
			files = (
			);
			runOnlyForDeploymentPostprocessing = 0;
		};
/* End PBXFrameworksBuildPhase section */

/* Begin PBXGroup section */
		8492BE9E2B4DB2610060C4D9 = {
			isa = PBXGroup;
			children = (
				8492BEA92B4DB2610060C4D9 /* Uber */,
				8492BEA82B4DB2610060C4D9 /* Products */,
			);
			sourceTree = "<group>";
		};
		8492BEA82B4DB2610060C4D9 /* Products */ = {
			isa = PBXGroup;
			children = (
				8492BEA72B4DB2610060C4D9 /* Uber.app */,
			);
			name = Products;
			sourceTree = "<group>";
		};
		8492BEA92B4DB2610060C4D9 /* Uber */ = {
			isa = PBXGroup;
			children = (
				8492BEBC2B4DB2860060C4D9 /* App */,
				8492BEBB2B4DB2850060C4D9 /* Core */,
				8492BEBA2B4DB2830060C4D9 /* Extensions */,
				8492BEB92B4DB2820060C4D9 /* Managers */,
				8492BEB82B4DB2800060C4D9 /* Models */,
				8492BEAE2B4DB2630060C4D9 /* Assets.xcassets */,
				8492BEB02B4DB2630060C4D9 /* Preview Content */,
			);
			path = Uber;
			sourceTree = "<group>";
		};
		8492BEB02B4DB2630060C4D9 /* Preview Content */ = {
			isa = PBXGroup;
			children = (
				8492BEB12B4DB2630060C4D9 /* Preview Assets.xcassets */,
			);
			path = "Preview Content";
			sourceTree = "<group>";
		};
		8492BEB82B4DB2800060C4D9 /* Models */ = {
			isa = PBXGroup;
			children = (
				84CB34512B6D29C10074AB68 /* MapViewState.swift */,
				84CB347A2B6F687F0074AB68 /* RideType.swift */,
			);
			path = Models;
			sourceTree = "<group>";
		};
		8492BEB92B4DB2820060C4D9 /* Managers */ = {
			isa = PBXGroup;
			children = (
				84CB34412B6C1CD00074AB68 /* LocationManager.swift */,
			);
			path = Managers;
			sourceTree = "<group>";
		};
		8492BEBA2B4DB2830060C4D9 /* Extensions */ = {
			isa = PBXGroup;
			children = (
			);
			path = Extensions;
			sourceTree = "<group>";
		};
		8492BEBB2B4DB2850060C4D9 /* Core */ = {
			isa = PBXGroup;
			children = (
				84CB34772B6E83400074AB68 /* Trips */,
				84CB34442B6C27FE0074AB68 /* LocationSearch */,
				84CB34432B6C27EF0074AB68 /* Home */,
			);
			path = Core;
			sourceTree = "<group>";
		};
		8492BEBC2B4DB2860060C4D9 /* App */ = {
			isa = PBXGroup;
			children = (
				8492BEAA2B4DB2610060C4D9 /* UberApp.swift */,
			);
			path = App;
			sourceTree = "<group>";
		};
		8492BEBF2B4DB3020060C4D9 /* View */ = {
			isa = PBXGroup;
			children = (
				8492BEBD2B4DB2EF0060C4D9 /* HomeView.swift */,
				8492BEC22B4DB35E0060C4D9 /* UberViewMapRepresentable.swift */,
				84CB34492B6C29D40074AB68 /* MapViewActionButton.swift */,
			);
			path = View;
			sourceTree = "<group>";
		};
		8492BEC02B4DB3100060C4D9 /* ViewModel */ = {
			isa = PBXGroup;
			children = (
			);
			path = ViewModel;
			sourceTree = "<group>";
		};
		84CB34432B6C27EF0074AB68 /* Home */ = {
			isa = PBXGroup;
			children = (
				8492BEC02B4DB3100060C4D9 /* ViewModel */,
				8492BEBF2B4DB3020060C4D9 /* View */,
			);
			path = Home;
			sourceTree = "<group>";
		};
		84CB34442B6C27FE0074AB68 /* LocationSearch */ = {
			isa = PBXGroup;
			children = (
				84CB34462B6C281D0074AB68 /* ViewModel */,
				84CB34452B6C281A0074AB68 /* Views */,
			);
			path = LocationSearch;
			sourceTree = "<group>";
		};
		84CB34452B6C281A0074AB68 /* Views */ = {
			isa = PBXGroup;
			children = (
				84CB34472B6C28320074AB68 /* LocationSearchActivationView.swift */,
				84CB344B2B6C2B010074AB68 /* LocationSearchView.swift */,
				84CB344D2B6CC2370074AB68 /* LocationSearchResultCell.swift */,
			);
			path = Views;
			sourceTree = "<group>";
		};
		84CB34462B6C281D0074AB68 /* ViewModel */ = {
			isa = PBXGroup;
			children = (
				84CB344F2B6CC81C0074AB68 /* LocationSeachViewModel.swift */,
			);
			path = ViewModel;
			sourceTree = "<group>";
		};
		84CB34772B6E83400074AB68 /* Trips */ = {
			isa = PBXGroup;
			children = (
				84CB34782B6E834B0074AB68 /* RideRequestView.swift */,
			);
			path = Trips;
			sourceTree = "<group>";
		};
/* End PBXGroup section */

/* Begin PBXNativeTarget section */
		8492BEA62B4DB2610060C4D9 /* Uber */ = {
			isa = PBXNativeTarget;
			buildConfigurationList = 8492BEB52B4DB2630060C4D9 /* Build configuration list for PBXNativeTarget "Uber" */;
			buildPhases = (
				8492BEA32B4DB2610060C4D9 /* Sources */,
				8492BEA42B4DB2610060C4D9 /* Frameworks */,
				8492BEA52B4DB2610060C4D9 /* Resources */,
			);
			buildRules = (
			);
			dependencies = (
			);
			name = Uber;
			productName = Uber;
			productReference = 8492BEA72B4DB2610060C4D9 /* Uber.app */;
			productType = "com.apple.product-type.application";
		};
/* End PBXNativeTarget section */

/* Begin PBXProject section */
		8492BE9F2B4DB2610060C4D9 /* Project object */ = {
			isa = PBXProject;
			attributes = {
				BuildIndependentTargetsInParallel = 1;
				LastSwiftUpdateCheck = 1510;
				LastUpgradeCheck = 1510;
				TargetAttributes = {
					8492BEA62B4DB2610060C4D9 = {
						CreatedOnToolsVersion = 15.1;
					};
				};
			};
			buildConfigurationList = 8492BEA22B4DB2610060C4D9 /* Build configuration list for PBXProject "Uber" */;
			compatibilityVersion = "Xcode 14.0";
			developmentRegion = en;
			hasScannedForEncodings = 0;
			knownRegions = (
				en,
				Base,
			);
			mainGroup = 8492BE9E2B4DB2610060C4D9;
			productRefGroup = 8492BEA82B4DB2610060C4D9 /* Products */;
			projectDirPath = "";
			projectRoot = "";
			targets = (
				8492BEA62B4DB2610060C4D9 /* Uber */,
			);
		};
/* End PBXProject section */

/* Begin PBXResourcesBuildPhase section */
		8492BEA52B4DB2610060C4D9 /* Resources */ = {
			isa = PBXResourcesBuildPhase;
			buildActionMask = 2147483647;
			files = (
				8492BEB22B4DB2630060C4D9 /* Preview Assets.xcassets in Resources */,
				8492BEAF2B4DB2630060C4D9 /* Assets.xcassets in Resources */,
			);
			runOnlyForDeploymentPostprocessing = 0;
		};
/* End PBXResourcesBuildPhase section */

/* Begin PBXSourcesBuildPhase section */
		8492BEA32B4DB2610060C4D9 /* Sources */ = {
			isa = PBXSourcesBuildPhase;
			buildActionMask = 2147483647;
			files = (
				84CB344C2B6C2B010074AB68 /* LocationSearchView.swift in Sources */,
				84CB34422B6C1CD00074AB68 /* LocationManager.swift in Sources */,
				84CB344A2B6C29D40074AB68 /* MapViewActionButton.swift in Sources */,
				84CB34792B6E834B0074AB68 /* RideRequestView.swift in Sources */,
				84CB34522B6D29C10074AB68 /* MapViewState.swift in Sources */,
				8492BEAB2B4DB2610060C4D9 /* UberApp.swift in Sources */,
				8492BEBE2B4DB2EF0060C4D9 /* HomeView.swift in Sources */,
				8492BEC32B4DB35E0060C4D9 /* UberViewMapRepresentable.swift in Sources */,
				84CB34482B6C28320074AB68 /* LocationSearchActivationView.swift in Sources */,
				84CB344E2B6CC2370074AB68 /* LocationSearchResultCell.swift in Sources */,
				84CB34502B6CC81C0074AB68 /* LocationSeachViewModel.swift in Sources */,
				84CB347B2B6F687F0074AB68 /* RideType.swift in Sources */,
			);
			runOnlyForDeploymentPostprocessing = 0;
		};
/* End PBXSourcesBuildPhase section */

/* Begin XCBuildConfiguration section */
		8492BEB32B4DB2630060C4D9 /* Debug */ = {
			isa = XCBuildConfiguration;
			buildSettings = {
				ALWAYS_SEARCH_USER_PATHS = NO;
				ASSETCATALOG_COMPILER_GENERATE_SWIFT_ASSET_SYMBOL_EXTENSIONS = YES;
				CLANG_ANALYZER_NONNULL = YES;
				CLANG_ANALYZER_NUMBER_OBJECT_CONVERSION = YES_AGGRESSIVE;
				CLANG_CXX_LANGUAGE_STANDARD = "gnu++20";
				CLANG_ENABLE_MODULES = YES;
				CLANG_ENABLE_OBJC_ARC = YES;
				CLANG_ENABLE_OBJC_WEAK = YES;
				CLANG_WARN_BLOCK_CAPTURE_AUTORELEASING = YES;
				CLANG_WARN_BOOL_CONVERSION = YES;
				CLANG_WARN_COMMA = YES;
				CLANG_WARN_CONSTANT_CONVERSION = YES;
				CLANG_WARN_DEPRECATED_OBJC_IMPLEMENTATIONS = YES;
				CLANG_WARN_DIRECT_OBJC_ISA_USAGE = YES_ERROR;
				CLANG_WARN_DOCUMENTATION_COMMENTS = YES;
				CLANG_WARN_EMPTY_BODY = YES;
				CLANG_WARN_ENUM_CONVERSION = YES;
				CLANG_WARN_INFINITE_RECURSION = YES;
				CLANG_WARN_INT_CONVERSION = YES;
				CLANG_WARN_NON_LITERAL_NULL_CONVERSION = YES;
				CLANG_WARN_OBJC_IMPLICIT_RETAIN_SELF = YES;
				CLANG_WARN_OBJC_LITERAL_CONVERSION = YES;
				CLANG_WARN_OBJC_ROOT_CLASS = YES_ERROR;
				CLANG_WARN_QUOTED_INCLUDE_IN_FRAMEWORK_HEADER = YES;
				CLANG_WARN_RANGE_LOOP_ANALYSIS = YES;
				CLANG_WARN_STRICT_PROTOTYPES = YES;
				CLANG_WARN_SUSPICIOUS_MOVE = YES;
				CLANG_WARN_UNGUARDED_AVAILABILITY = YES_AGGRESSIVE;
				CLANG_WARN_UNREACHABLE_CODE = YES;
				CLANG_WARN__DUPLICATE_METHOD_MATCH = YES;
				COPY_PHASE_STRIP = NO;
				DEBUG_INFORMATION_FORMAT = dwarf;
				ENABLE_STRICT_OBJC_MSGSEND = YES;
				ENABLE_TESTABILITY = YES;
				ENABLE_USER_SCRIPT_SANDBOXING = YES;
				GCC_C_LANGUAGE_STANDARD = gnu17;
				GCC_DYNAMIC_NO_PIC = NO;
				GCC_NO_COMMON_BLOCKS = YES;
				GCC_OPTIMIZATION_LEVEL = 0;
				GCC_PREPROCESSOR_DEFINITIONS = (
					"DEBUG=1",
					"$(inherited)",
				);
				GCC_WARN_64_TO_32_BIT_CONVERSION = YES;
				GCC_WARN_ABOUT_RETURN_TYPE = YES_ERROR;
				GCC_WARN_UNDECLARED_SELECTOR = YES;
				GCC_WARN_UNINITIALIZED_AUTOS = YES_AGGRESSIVE;
				GCC_WARN_UNUSED_FUNCTION = YES;
				GCC_WARN_UNUSED_VARIABLE = YES;
				IPHONEOS_DEPLOYMENT_TARGET = 17.2;
				LOCALIZATION_PREFERS_STRING_CATALOGS = YES;
				MTL_ENABLE_DEBUG_INFO = INCLUDE_SOURCE;
				MTL_FAST_MATH = YES;
				ONLY_ACTIVE_ARCH = YES;
				SDKROOT = iphoneos;
				SWIFT_ACTIVE_COMPILATION_CONDITIONS = "DEBUG $(inherited)";
				SWIFT_OPTIMIZATION_LEVEL = "-Onone";
			};
			name = Debug;
		};
		8492BEB42B4DB2630060C4D9 /* Release */ = {
			isa = XCBuildConfiguration;
			buildSettings = {
				ALWAYS_SEARCH_USER_PATHS = NO;
				ASSETCATALOG_COMPILER_GENERATE_SWIFT_ASSET_SYMBOL_EXTENSIONS = YES;
				CLANG_ANALYZER_NONNULL = YES;
				CLANG_ANALYZER_NUMBER_OBJECT_CONVERSION = YES_AGGRESSIVE;
				CLANG_CXX_LANGUAGE_STANDARD = "gnu++20";
				CLANG_ENABLE_MODULES = YES;
				CLANG_ENABLE_OBJC_ARC = YES;
				CLANG_ENABLE_OBJC_WEAK = YES;
				CLANG_WARN_BLOCK_CAPTURE_AUTORELEASING = YES;
				CLANG_WARN_BOOL_CONVERSION = YES;
				CLANG_WARN_COMMA = YES;
				CLANG_WARN_CONSTANT_CONVERSION = YES;
				CLANG_WARN_DEPRECATED_OBJC_IMPLEMENTATIONS = YES;
				CLANG_WARN_DIRECT_OBJC_ISA_USAGE = YES_ERROR;
				CLANG_WARN_DOCUMENTATION_COMMENTS = YES;
				CLANG_WARN_EMPTY_BODY = YES;
				CLANG_WARN_ENUM_CONVERSION = YES;
				CLANG_WARN_INFINITE_RECURSION = YES;
				CLANG_WARN_INT_CONVERSION = YES;
				CLANG_WARN_NON_LITERAL_NULL_CONVERSION = YES;
				CLANG_WARN_OBJC_IMPLICIT_RETAIN_SELF = YES;
				CLANG_WARN_OBJC_LITERAL_CONVERSION = YES;
				CLANG_WARN_OBJC_ROOT_CLASS = YES_ERROR;
				CLANG_WARN_QUOTED_INCLUDE_IN_FRAMEWORK_HEADER = YES;
				CLANG_WARN_RANGE_LOOP_ANALYSIS = YES;
				CLANG_WARN_STRICT_PROTOTYPES = YES;
				CLANG_WARN_SUSPICIOUS_MOVE = YES;
				CLANG_WARN_UNGUARDED_AVAILABILITY = YES_AGGRESSIVE;
				CLANG_WARN_UNREACHABLE_CODE = YES;
				CLANG_WARN__DUPLICATE_METHOD_MATCH = YES;
				COPY_PHASE_STRIP = NO;
				DEBUG_INFORMATION_FORMAT = "dwarf-with-dsym";
				ENABLE_NS_ASSERTIONS = NO;
				ENABLE_STRICT_OBJC_MSGSEND = YES;
				ENABLE_USER_SCRIPT_SANDBOXING = YES;
				GCC_C_LANGUAGE_STANDARD = gnu17;
				GCC_NO_COMMON_BLOCKS = YES;
				GCC_WARN_64_TO_32_BIT_CONVERSION = YES;
				GCC_WARN_ABOUT_RETURN_TYPE = YES_ERROR;
				GCC_WARN_UNDECLARED_SELECTOR = YES;
				GCC_WARN_UNINITIALIZED_AUTOS = YES_AGGRESSIVE;
				GCC_WARN_UNUSED_FUNCTION = YES;
				GCC_WARN_UNUSED_VARIABLE = YES;
				IPHONEOS_DEPLOYMENT_TARGET = 17.2;
				LOCALIZATION_PREFERS_STRING_CATALOGS = YES;
				MTL_ENABLE_DEBUG_INFO = NO;
				MTL_FAST_MATH = YES;
				SDKROOT = iphoneos;
				SWIFT_COMPILATION_MODE = wholemodule;
				VALIDATE_PRODUCT = YES;
			};
			name = Release;
		};
		8492BEB62B4DB2630060C4D9 /* Debug */ = {
			isa = XCBuildConfiguration;
			buildSettings = {
				ASSETCATALOG_COMPILER_APPICON_NAME = AppIcon;
				ASSETCATALOG_COMPILER_GLOBAL_ACCENT_COLOR_NAME = AccentColor;
				CODE_SIGN_STYLE = Automatic;
				CURRENT_PROJECT_VERSION = 1;
				DEVELOPMENT_ASSET_PATHS = "\"Uber/Preview Content\"";
				ENABLE_PREVIEWS = YES;
				GENERATE_INFOPLIST_FILE = YES;
				INFOPLIST_KEY_NSLocationWhenInUseUsageDescription = "Please Allow Us to access your Location";
				INFOPLIST_KEY_UIApplicationSceneManifest_Generation = YES;
				INFOPLIST_KEY_UIApplicationSupportsIndirectInputEvents = YES;
				INFOPLIST_KEY_UILaunchScreen_Generation = YES;
				INFOPLIST_KEY_UISupportedInterfaceOrientations_iPad = "UIInterfaceOrientationPortrait UIInterfaceOrientationPortraitUpsideDown UIInterfaceOrientationLandscapeLeft UIInterfaceOrientationLandscapeRight";
				INFOPLIST_KEY_UISupportedInterfaceOrientations_iPhone = "UIInterfaceOrientationPortrait UIInterfaceOrientationLandscapeLeft UIInterfaceOrientationLandscapeRight";
				LD_RUNPATH_SEARCH_PATHS = (
					"$(inherited)",
					"@executable_path/Frameworks",
				);
				MARKETING_VERSION = 1.0;
				PRODUCT_BUNDLE_IDENTIFIER = "co.Vedant-Takalkar.Uber";
				PRODUCT_NAME = "$(TARGET_NAME)";
				SWIFT_EMIT_LOC_STRINGS = YES;
				SWIFT_VERSION = 5.0;
				TARGETED_DEVICE_FAMILY = "1,2";
			};
			name = Debug;
		};
		8492BEB72B4DB2630060C4D9 /* Release */ = {
			isa = XCBuildConfiguration;
			buildSettings = {
				ASSETCATALOG_COMPILER_APPICON_NAME = AppIcon;
				ASSETCATALOG_COMPILER_GLOBAL_ACCENT_COLOR_NAME = AccentColor;
				CODE_SIGN_STYLE = Automatic;
				CURRENT_PROJECT_VERSION = 1;
				DEVELOPMENT_ASSET_PATHS = "\"Uber/Preview Content\"";
				ENABLE_PREVIEWS = YES;
				GENERATE_INFOPLIST_FILE = YES;
				INFOPLIST_KEY_NSLocationWhenInUseUsageDescription = "Please Allow Us to access your Location";
				INFOPLIST_KEY_UIApplicationSceneManifest_Generation = YES;
				INFOPLIST_KEY_UIApplicationSupportsIndirectInputEvents = YES;
				INFOPLIST_KEY_UILaunchScreen_Generation = YES;
				INFOPLIST_KEY_UISupportedInterfaceOrientations_iPad = "UIInterfaceOrientationPortrait UIInterfaceOrientationPortraitUpsideDown UIInterfaceOrientationLandscapeLeft UIInterfaceOrientationLandscapeRight";
				INFOPLIST_KEY_UISupportedInterfaceOrientations_iPhone = "UIInterfaceOrientationPortrait UIInterfaceOrientationLandscapeLeft UIInterfaceOrientationLandscapeRight";
				LD_RUNPATH_SEARCH_PATHS = (
					"$(inherited)",
					"@executable_path/Frameworks",
				);
				MARKETING_VERSION = 1.0;
				PRODUCT_BUNDLE_IDENTIFIER = "co.Vedant-Takalkar.Uber";
				PRODUCT_NAME = "$(TARGET_NAME)";
				SWIFT_EMIT_LOC_STRINGS = YES;
				SWIFT_VERSION = 5.0;
				TARGETED_DEVICE_FAMILY = "1,2";
			};
			name = Release;
		};
/* End XCBuildConfiguration section */

/* Begin XCConfigurationList section */
		8492BEA22B4DB2610060C4D9 /* Build configuration list for PBXProject "Uber" */ = {
			isa = XCConfigurationList;
			buildConfigurations = (
				8492BEB32B4DB2630060C4D9 /* Debug */,
				8492BEB42B4DB2630060C4D9 /* Release */,
			);
			defaultConfigurationIsVisible = 0;
			defaultConfigurationName = Release;
		};
		8492BEB52B4DB2630060C4D9 /* Build configuration list for PBXNativeTarget "Uber" */ = {
			isa = XCConfigurationList;
			buildConfigurations = (
				8492BEB62B4DB2630060C4D9 /* Debug */,
				8492BEB72B4DB2630060C4D9 /* Release */,
			);
			defaultConfigurationIsVisible = 0;
			defaultConfigurationName = Release;
		};
/* End XCConfigurationList section */
	};
	rootObject = 8492BE9F2B4DB2610060C4D9 /* Project object */;
}
